
Microsoft Visual Studio Solution File, Format Version 12.00
# Visual Studio 15
VisualStudioVersion = 15.0.27703.2042
MinimumVisualStudioVersion = 10.0.40219.1
Project("{FAE04EC0-301F-11D3-BF4B-00C04F79EFBC}") = "RecordNplay", "RecordNplay\RecordNplay.csproj", "{F052D461-E822-43E8-88E6-9ED2D3EFB256}"
EndProject
Global
	GlobalSection(SolutionConfigurationPlatforms) = preSolution
		Debug|Any CPU = Debug|Any CPU
		Release|Any CPU = Release|Any CPU
	EndGlobalSection
	GlobalSection(ProjectConfigurationPlatforms) = postSolution
		{F052D461-E822-43E8-88E6-9ED2D3EFB256}.Debug|Any CPU.ActiveCfg = Debug|Any CPU
		{F052D461-E822-43E8-88E6-9ED2D3EFB256}.Debug|Any CPU.Build.0 = Debug|Any CPU
		{F052D461-E822-43E8-88E6-9ED2D3EFB256}.Release|Any CPU.ActiveCfg = Release|Any CPU
		{F052D461-E822-43E8-88E6-9ED2D3EFB256}.Release|Any CPU.Build.0 = Release|Any CPU
	EndGlobalSection
	GlobalSection(SolutionProperties) = preSolution
		HideSolutionNode = FALSE
	EndGlobalSection
	GlobalSection(ExtensibilityGlobals) = postSolution
		SolutionGuid = {D434ADBD-2E29-43AB-A270-63B28773A35B}
	EndGlobalSection
EndGlobal
